
Microsoft Visual Studio Solution File, Format Version 12.00
# Visual Studio 2012
Project("{FAE04EC0-301F-11D3-BF4B-00C04F79EFBC}") = "OfertasGD2019", "OfertasGD2019\OfertasGD2019.csproj", "{12BBEC9A-AD3C-4A55-A250-7ED1664DC1B3}"
EndProject
Project("{FAE04EC0-301F-11D3-BF4B-00C04F79EFBC}") = "MiLibreria", "MiLibreria\MiLibreria.csproj", "{669FAFCA-006C-420E-ABAB-ACA736D68370}"
EndProject
Global
	GlobalSection(SolutionConfigurationPlatforms) = preSolution
		Debug|Any CPU = Debug|Any CPU
		Release|Any CPU = Release|Any CPU
	EndGlobalSection
	GlobalSection(ProjectConfigurationPlatforms) = postSolution
		{12BBEC9A-AD3C-4A55-A250-7ED1664DC1B3}.Debug|Any CPU.ActiveCfg = Debug|Any CPU
		{12BBEC9A-AD3C-4A55-A250-7ED1664DC1B3}.Debug|Any CPU.Build.0 = Debug|Any CPU
		{12BBEC9A-AD3C-4A55-A250-7ED1664DC1B3}.Release|Any CPU.ActiveCfg = Release|Any CPU
		{12BBEC9A-AD3C-4A55-A250-7ED1664DC1B3}.Release|Any CPU.Build.0 = Release|Any CPU
		{669FAFCA-006C-420E-ABAB-ACA736D68370}.Debug|Any CPU.ActiveCfg = Debug|Any CPU
		{669FAFCA-006C-420E-ABAB-ACA736D68370}.Debug|Any CPU.Build.0 = Debug|Any CPU
		{669FAFCA-006C-420E-ABAB-ACA736D68370}.Release|Any CPU.ActiveCfg = Release|Any CPU
		{669FAFCA-006C-420E-ABAB-ACA736D68370}.Release|Any CPU.Build.0 = Release|Any CPU
	EndGlobalSection
	GlobalSection(SolutionProperties) = preSolution
		HideSolutionNode = FALSE
	EndGlobalSection
EndGlobal
